
Microsoft Visual Studio Solution File, Format Version 12.00
# Visual Studio 15
VisualStudioVersion = 15.0.27703.2035
MinimumVisualStudioVersion = 10.0.40219.1
Project("{FAE04EC0-301F-11D3-BF4B-00C04F79EFBC}") = "Parking.TicketDispenserClient", "Parking.TicketDispenserClient\Parking.TicketDispenserClient.csproj", "{38F9EEA4-0F89-4819-B4D7-B1D4C487AA8C}"
EndProject
Project("{FAE04EC0-301F-11D3-BF4B-00C04F79EFBC}") = "Parking.Common", "Parking.Common\Parking.Common.csproj", "{0606507D-1F91-45CD-89B2-8EF5DDEFE7EC}"
EndProject
Global
	GlobalSection(SolutionConfigurationPlatforms) = preSolution
		Debug|Any CPU = Debug|Any CPU
		Debug|ARM = Debug|ARM
		Debug|x64 = Debug|x64
		Debug|x86 = Debug|x86
		Release|Any CPU = Release|Any CPU
		Release|ARM = Release|ARM
		Release|x64 = Release|x64
		Release|x86 = Release|x86
	EndGlobalSection
	GlobalSection(ProjectConfigurationPlatforms) = postSolution
		{38F9EEA4-0F89-4819-B4D7-B1D4C487AA8C}.Debug|Any CPU.ActiveCfg = Debug|Any CPU
		{38F9EEA4-0F89-4819-B4D7-B1D4C487AA8C}.Debug|Any CPU.Build.0 = Debug|Any CPU
		{38F9EEA4-0F89-4819-B4D7-B1D4C487AA8C}.Debug|ARM.ActiveCfg = Debug|Any CPU
		{38F9EEA4-0F89-4819-B4D7-B1D4C487AA8C}.Debug|ARM.Build.0 = Debug|Any CPU
		{38F9EEA4-0F89-4819-B4D7-B1D4C487AA8C}.Debug|x64.ActiveCfg = Debug|Any CPU
		{38F9EEA4-0F89-4819-B4D7-B1D4C487AA8C}.Debug|x64.Build.0 = Debug|Any CPU
		{38F9EEA4-0F89-4819-B4D7-B1D4C487AA8C}.Debug|x86.ActiveCfg = Debug|Any CPU
		{38F9EEA4-0F89-4819-B4D7-B1D4C487AA8C}.Debug|x86.Build.0 = Debug|Any CPU
		{38F9EEA4-0F89-4819-B4D7-B1D4C487AA8C}.Release|Any CPU.ActiveCfg = Release|Any CPU
		{38F9EEA4-0F89-4819-B4D7-B1D4C487AA8C}.Release|Any CPU.Build.0 = Release|Any CPU
		{38F9EEA4-0F89-4819-B4D7-B1D4C487AA8C}.Release|ARM.ActiveCfg = Release|Any CPU
		{38F9EEA4-0F89-4819-B4D7-B1D4C487AA8C}.Release|ARM.Build.0 = Release|Any CPU
		{38F9EEA4-0F89-4819-B4D7-B1D4C487AA8C}.Release|x64.ActiveCfg = Release|Any CPU
		{38F9EEA4-0F89-4819-B4D7-B1D4C487AA8C}.Release|x64.Build.0 = Release|Any CPU
		{38F9EEA4-0F89-4819-B4D7-B1D4C487AA8C}.Release|x86.ActiveCfg = Release|Any CPU
		{38F9EEA4-0F89-4819-B4D7-B1D4C487AA8C}.Release|x86.Build.0 = Release|Any CPU
		{0606507D-1F91-45CD-89B2-8EF5DDEFE7EC}.Debug|Any CPU.ActiveCfg = Debug|Any CPU
		{0606507D-1F91-45CD-89B2-8EF5DDEFE7EC}.Debug|Any CPU.Build.0 = Debug|Any CPU
		{0606507D-1F91-45CD-89B2-8EF5DDEFE7EC}.Debug|ARM.ActiveCfg = Debug|Any CPU
		{0606507D-1F91-45CD-89B2-8EF5DDEFE7EC}.Debug|ARM.Build.0 = Debug|Any CPU
		{0606507D-1F91-45CD-89B2-8EF5DDEFE7EC}.Debug|x64.ActiveCfg = Debug|Any CPU
		{0606507D-1F91-45CD-89B2-8EF5DDEFE7EC}.Debug|x64.Build.0 = Debug|Any CPU
		{0606507D-1F91-45CD-89B2-8EF5DDEFE7EC}.Debug|x86.ActiveCfg = Debug|Any CPU
		{0606507D-1F91-45CD-89B2-8EF5DDEFE7EC}.Debug|x86.Build.0 = Debug|Any CPU
		{0606507D-1F91-45CD-89B2-8EF5DDEFE7EC}.Release|Any CPU.ActiveCfg = Release|Any CPU
		{0606507D-1F91-45CD-89B2-8EF5DDEFE7EC}.Release|Any CPU.Build.0 = Release|Any CPU
		{0606507D-1F91-45CD-89B2-8EF5DDEFE7EC}.Release|ARM.ActiveCfg = Release|Any CPU
		{0606507D-1F91-45CD-89B2-8EF5DDEFE7EC}.Release|ARM.Build.0 = Release|Any CPU
		{0606507D-1F91-45CD-89B2-8EF5DDEFE7EC}.Release|x64.ActiveCfg = Release|Any CPU
		{0606507D-1F91-45CD-89B2-8EF5DDEFE7EC}.Release|x64.Build.0 = Release|Any CPU
		{0606507D-1F91-45CD-89B2-8EF5DDEFE7EC}.Release|x86.ActiveCfg = Release|Any CPU
		{0606507D-1F91-45CD-89B2-8EF5DDEFE7EC}.Release|x86.Build.0 = Release|Any CPU
	EndGlobalSection
	GlobalSection(SolutionProperties) = preSolution
		HideSolutionNode = FALSE
	EndGlobalSection
	GlobalSection(ExtensibilityGlobals) = postSolution
		SolutionGuid = {2E4F4198-5A0E-47EA-ACC2-3B83432AC945}
	EndGlobalSection
EndGlobal
